
Microsoft Visual Studio Solution File, Format Version 12.00
# Visual Studio Version 17
VisualStudioVersion = 17.10.35013.160
MinimumVisualStudioVersion = 10.0.40219.1
Project("{FAE04EC0-301F-11D3-BF4B-00C04F79EFBC}") = "Priyank", "Priyank\Priyank.csproj", "{AEA35F8E-E92D-4DEC-9D28-DF24B1A3032E}"
EndProject
Global
	GlobalSection(SolutionConfigurationPlatforms) = preSolution
		Debug|Any CPU = Debug|Any CPU
		Release|Any CPU = Release|Any CPU
	EndGlobalSection
	GlobalSection(ProjectConfigurationPlatforms) = postSolution
		{AEA35F8E-E92D-4DEC-9D28-DF24B1A3032E}.Debug|Any CPU.ActiveCfg = Debug|Any CPU
		{AEA35F8E-E92D-4DEC-9D28-DF24B1A3032E}.Debug|Any CPU.Build.0 = Debug|Any CPU
		{AEA35F8E-E92D-4DEC-9D28-DF24B1A3032E}.Release|Any CPU.ActiveCfg = Release|Any CPU
		{AEA35F8E-E92D-4DEC-9D28-DF24B1A3032E}.Release|Any CPU.Build.0 = Release|Any CPU
	EndGlobalSection
	GlobalSection(SolutionProperties) = preSolution
		HideSolutionNode = FALSE
	EndGlobalSection
	GlobalSection(ExtensibilityGlobals) = postSolution
		SolutionGuid = {3655C8FE-47AB-48A7-AA07-22AA1D0DF93E}
	EndGlobalSection
EndGlobal
